// !$*UTF8*$!
{
	archiveVersion = 1;
	classes = {
	};
	objectVersion = 56;
	objects = {

/* Begin PBXBuildFile section */
		001 /* MeetingHelperApp.swift in Sources */ = {isa = PBXBuildFile; fileRef = 101 /* MeetingHelperApp.swift */; };
		002 /* ContentView.swift in Sources */ = {isa = PBXBuildFile; fileRef = 102 /* ContentView.swift */; };
		003 /* Models.swift in Sources */ = {isa = PBXBuildFile; fileRef = 103 /* Models.swift */; };
		004 /* AudioCaptureManager.swift in Sources */ = {isa = PBXBuildFile; fileRef = 104 /* AudioCaptureManager.swift */; };
		005 /* TranscribeService.swift in Sources */ = {isa = PBXBuildFile; fileRef = 105 /* TranscribeService.swift */; };
		006 /* TranscriptionStore.swift in Sources */ = {isa = PBXBuildFile; fileRef = 106 /* TranscriptionStore.swift */; };
		007 /* SettingsManager.swift in Sources */ = {isa = PBXBuildFile; fileRef = 107 /* SettingsManager.swift */; };
		008 /* AWSTranscribeStreaming in Frameworks */ = {isa = PBXBuildFile; productRef = 800 /* AWSTranscribeStreaming */; };
		009 /* ChatService.swift in Sources */ = {isa = PBXBuildFile; fileRef = 109 /* ChatService.swift */; };
		010 /* AWSBedrockRuntime in Frameworks */ = {isa = PBXBuildFile; productRef = 801 /* AWSBedrockRuntime */; };
		011 /* Assets.xcassets in Resources */ = {isa = PBXBuildFile; fileRef = 110 /* Assets.xcassets */; };
/* End PBXBuildFile section */

/* Begin PBXFileReference section */
		100 /* MeetingHelper.app */ = {isa = PBXFileReference; explicitFileType = wrapper.application; includeInIndex = 0; path = MeetingHelper.app; sourceTree = BUILT_PRODUCTS_DIR; };
		101 /* MeetingHelperApp.swift */ = {isa = PBXFileReference; lastKnownFileType = sourcecode.swift; path = MeetingHelperApp.swift; sourceTree = "<group>"; };
		102 /* ContentView.swift */ = {isa = PBXFileReference; lastKnownFileType = sourcecode.swift; path = ContentView.swift; sourceTree = "<group>"; };
		103 /* Models.swift */ = {isa = PBXFileReference; lastKnownFileType = sourcecode.swift; path = Models.swift; sourceTree = "<group>"; };
		104 /* AudioCaptureManager.swift */ = {isa = PBXFileReference; lastKnownFileType = sourcecode.swift; path = AudioCaptureManager.swift; sourceTree = "<group>"; };
		105 /* TranscribeService.swift */ = {isa = PBXFileReference; lastKnownFileType = sourcecode.swift; path = TranscribeService.swift; sourceTree = "<group>"; };
		106 /* TranscriptionStore.swift */ = {isa = PBXFileReference; lastKnownFileType = sourcecode.swift; path = TranscriptionStore.swift; sourceTree = "<group>"; };
		107 /* SettingsManager.swift */ = {isa = PBXFileReference; lastKnownFileType = sourcecode.swift; path = SettingsManager.swift; sourceTree = "<group>"; };
		108 /* MeetingHelper.entitlements */ = {isa = PBXFileReference; lastKnownFileType = text.plist.entitlements; path = MeetingHelper.entitlements; sourceTree = "<group>"; };
		109 /* ChatService.swift */ = {isa = PBXFileReference; lastKnownFileType = sourcecode.swift; path = ChatService.swift; sourceTree = "<group>"; };
		110 /* Assets.xcassets */ = {isa = PBXFileReference; lastKnownFileType = folder.assetcatalog; path = Assets.xcassets; sourceTree = "<group>"; };
/* End PBXFileReference section */

/* Begin PBXFrameworksBuildPhase section */
		200 /* Frameworks */ = {
			isa = PBXFrameworksBuildPhase;
			buildActionMask = 2147483647;
			files = (
				008 /* AWSTranscribeStreaming in Frameworks */,
				010 /* AWSBedrockRuntime in Frameworks */,
			);
			runOnlyForDeploymentPostprocessing = 0;
		};
/* End PBXFrameworksBuildPhase section */

/* Begin PBXGroup section */
		300 = {
			isa = PBXGroup;
			children = (
				310 /* MeetingHelper */,
				320 /* Products */,
			);
			sourceTree = "<group>";
		};
		310 /* MeetingHelper */ = {
			isa = PBXGroup;
			children = (
				101 /* MeetingHelperApp.swift */,
				102 /* ContentView.swift */,
				103 /* Models.swift */,
				104 /* AudioCaptureManager.swift */,
				105 /* TranscribeService.swift */,
				106 /* TranscriptionStore.swift */,
				107 /* SettingsManager.swift */,
				109 /* ChatService.swift */,
				108 /* MeetingHelper.entitlements */,
				110 /* Assets.xcassets */,
			);
			path = MeetingHelper;
			sourceTree = "<group>";
		};
		320 /* Products */ = {
			isa = PBXGroup;
			children = (
				100 /* MeetingHelper.app */,
			);
			name = Products;
			sourceTree = "<group>";
		};
/* End PBXGroup section */

/* Begin PBXNativeTarget section */
		400 /* MeetingHelper */ = {
			isa = PBXNativeTarget;
			buildConfigurationList = 500 /* Build configuration list for PBXNativeTarget "MeetingHelper" */;
			buildPhases = (
				410 /* Sources */,
				200 /* Frameworks */,
				420 /* Resources */,
			);
			buildRules = (
			);
			dependencies = (
			);
			name = MeetingHelper;
			packageProductDependencies = (
				800 /* AWSTranscribeStreaming */,
				801 /* AWSBedrockRuntime */,
			);
			productName = MeetingHelper;
			productReference = 100 /* MeetingHelper.app */;
			productType = "com.apple.product-type.application";
		};
/* End PBXNativeTarget section */

/* Begin PBXResourcesBuildPhase section */
		420 /* Resources */ = {
			isa = PBXResourcesBuildPhase;
			buildActionMask = 2147483647;
			files = (
				011 /* Assets.xcassets in Resources */,
			);
			runOnlyForDeploymentPostprocessing = 0;
		};
/* End PBXResourcesBuildPhase section */

/* Begin PBXProject section */
		600 /* Project object */ = {
			isa = PBXProject;
			attributes = {
				BuildIndependentTargetsInParallel = 1;
				LastSwiftUpdateCheck = 1500;
				LastUpgradeCheck = 1500;
			};
			buildConfigurationList = 610 /* Build configuration list for PBXProject "MeetingHelper" */;
			compatibilityVersion = "Xcode 14.0";
			developmentRegion = en;
			hasScannedForEncodings = 0;
			knownRegions = (
				en,
				Base,
			);
			mainGroup = 300;
			packageReferences = (
				900 /* XCRemoteSwiftPackageReference "aws-sdk-swift" */,
			);
			productRefGroup = 320 /* Products */;
			projectDirPath = "";
			projectRoot = "";
			targets = (
				400 /* MeetingHelper */,
			);
		};
/* End PBXProject section */

/* Begin PBXSourcesBuildPhase section */
		410 /* Sources */ = {
			isa = PBXSourcesBuildPhase;
			buildActionMask = 2147483647;
			files = (
				001 /* MeetingHelperApp.swift in Sources */,
				002 /* ContentView.swift in Sources */,
				003 /* Models.swift in Sources */,
				004 /* AudioCaptureManager.swift in Sources */,
				005 /* TranscribeService.swift in Sources */,
				006 /* TranscriptionStore.swift in Sources */,
				007 /* SettingsManager.swift in Sources */,
				009 /* ChatService.swift in Sources */,
			);
			runOnlyForDeploymentPostprocessing = 0;
		};
/* End PBXSourcesBuildPhase section */

/* Begin XCBuildConfiguration section */
		700 /* Debug */ = {
			isa = XCBuildConfiguration;
			buildSettings = {
				ALWAYS_SEARCH_USER_PATHS = NO;
				ASSETCATALOG_COMPILER_APPICON_NAME = AppIcon;
				CLANG_ENABLE_MODULES = YES;
				CODE_SIGN_ENTITLEMENTS = MeetingHelper/MeetingHelper.entitlements;
				CODE_SIGN_IDENTITY = "-";
				CODE_SIGN_STYLE = Automatic;
				COMBINE_HIDPI_IMAGES = YES;
				CURRENT_PROJECT_VERSION = 1;
				DEVELOPMENT_TEAM = 8KNF8ZD27M;
				ENABLE_HARDENED_RUNTIME = NO;
				GENERATE_INFOPLIST_FILE = YES;
				INFOPLIST_KEY_LSApplicationCategoryType = "public.app-category.education";
				INFOPLIST_KEY_NSMainStoryboardFile = "";
				INFOPLIST_KEY_NSMicrophoneUsageDescription = "마이크를 사용하여 음성을 녹음합니다.";
				INFOPLIST_KEY_NSPrincipalClass = NSApplication;
				LD_RUNPATH_SEARCH_PATHS = "@executable_path/../Frameworks";
				MACOSX_DEPLOYMENT_TARGET = 14.6;
				MARKETING_VERSION = 1.0;
				PRODUCT_BUNDLE_IDENTIFIER = com.example.MeetingHelper;
				PRODUCT_NAME = "$(TARGET_NAME)";
				SWIFT_EMIT_LOC_STRINGS = YES;
				SWIFT_VERSION = 5.0;
			};
			name = Debug;
		};
		710 /* Release */ = {
			isa = XCBuildConfiguration;
			buildSettings = {
				ALWAYS_SEARCH_USER_PATHS = NO;
				ASSETCATALOG_COMPILER_APPICON_NAME = AppIcon;
				CLANG_ENABLE_MODULES = YES;
				CODE_SIGN_ENTITLEMENTS = MeetingHelper/MeetingHelper.entitlements;
				"CODE_SIGN_IDENTITY[sdk=macosx*]" = "-";
				CODE_SIGN_STYLE = Automatic;
				COMBINE_HIDPI_IMAGES = YES;
				CURRENT_PROJECT_VERSION = 1;
				DEVELOPMENT_TEAM = 8KNF8ZD27M;
				ENABLE_HARDENED_RUNTIME = NO;
				GENERATE_INFOPLIST_FILE = YES;
				INFOPLIST_KEY_LSApplicationCategoryType = "public.app-category.education";
				INFOPLIST_KEY_NSMainStoryboardFile = "";
				INFOPLIST_KEY_NSMicrophoneUsageDescription = "마이크를 사용하여 음성을 녹음합니다.";
				INFOPLIST_KEY_NSPrincipalClass = NSApplication;
				LD_RUNPATH_SEARCH_PATHS = "@executable_path/../Frameworks";
				MACOSX_DEPLOYMENT_TARGET = 14.6;
				MARKETING_VERSION = 1.0;
				PRODUCT_BUNDLE_IDENTIFIER = com.example.MeetingHelper;
				PRODUCT_NAME = "$(TARGET_NAME)";
				SWIFT_EMIT_LOC_STRINGS = YES;
				SWIFT_VERSION = 5.0;
			};
			name = Release;
		};
		720 /* Debug */ = {
			isa = XCBuildConfiguration;
			buildSettings = {
				ALWAYS_SEARCH_USER_PATHS = NO;
				CLANG_WARN_BLOCK_CAPTURE_AUTORELEASING = YES;
				CLANG_WARN_BOOL_CONVERSION = YES;
				CLANG_WARN_COMMA = YES;
				CLANG_WARN_CONSTANT_CONVERSION = YES;
				CLANG_WARN_DEPRECATED_OBJC_IMPLEMENTATIONS = YES;
				CLANG_WARN_EMPTY_BODY = YES;
				CLANG_WARN_ENUM_CONVERSION = YES;
				CLANG_WARN_INFINITE_RECURSION = YES;
				CLANG_WARN_INT_CONVERSION = YES;
				CLANG_WARN_NON_LITERAL_NULL_CONVERSION = YES;
				CLANG_WARN_OBJC_IMPLICIT_RETAIN_SELF = YES;
				CLANG_WARN_OBJC_LITERAL_CONVERSION = YES;
				CLANG_WARN_QUOTED_INCLUDE_IN_FRAMEWORK_HEADER = YES;
				CLANG_WARN_RANGE_LOOP_ANALYSIS = YES;
				CLANG_WARN_STRICT_PROTOTYPES = YES;
				CLANG_WARN_SUSPICIOUS_MOVE = YES;
				CLANG_WARN_UNREACHABLE_CODE = YES;
				CLANG_WARN__DUPLICATE_METHOD_MATCH = YES;
				DEBUG_INFORMATION_FORMAT = dwarf;
				ENABLE_STRICT_OBJC_MSGSEND = YES;
				ENABLE_TESTABILITY = YES;
				GCC_NO_COMMON_BLOCKS = YES;
				GCC_WARN_64_TO_32_BIT_CONVERSION = YES;
				GCC_WARN_ABOUT_RETURN_TYPE = YES;
				GCC_WARN_UNDECLARED_SELECTOR = YES;
				GCC_WARN_UNINITIALIZED_AUTOS = YES;
				GCC_WARN_UNUSED_FUNCTION = YES;
				GCC_WARN_UNUSED_VARIABLE = YES;
				MTL_ENABLE_DEBUG_INFO = INCLUDE_SOURCE;
				ONLY_ACTIVE_ARCH = NO;
				SDKROOT = macosx;
				SWIFT_ACTIVE_COMPILATION_CONDITIONS = DEBUG;
				SWIFT_OPTIMIZATION_LEVEL = "-Onone";
			};
			name = Debug;
		};
		730 /* Release */ = {
			isa = XCBuildConfiguration;
			buildSettings = {
				ALWAYS_SEARCH_USER_PATHS = NO;
				CLANG_WARN_BLOCK_CAPTURE_AUTORELEASING = YES;
				CLANG_WARN_BOOL_CONVERSION = YES;
				CLANG_WARN_COMMA = YES;
				CLANG_WARN_CONSTANT_CONVERSION = YES;
				CLANG_WARN_DEPRECATED_OBJC_IMPLEMENTATIONS = YES;
				CLANG_WARN_EMPTY_BODY = YES;
				CLANG_WARN_ENUM_CONVERSION = YES;
				CLANG_WARN_INFINITE_RECURSION = YES;
				CLANG_WARN_INT_CONVERSION = YES;
				CLANG_WARN_NON_LITERAL_NULL_CONVERSION = YES;
				CLANG_WARN_OBJC_IMPLICIT_RETAIN_SELF = YES;
				CLANG_WARN_OBJC_LITERAL_CONVERSION = YES;
				CLANG_WARN_QUOTED_INCLUDE_IN_FRAMEWORK_HEADER = YES;
				CLANG_WARN_RANGE_LOOP_ANALYSIS = YES;
				CLANG_WARN_STRICT_PROTOTYPES = YES;
				CLANG_WARN_SUSPICIOUS_MOVE = YES;
				CLANG_WARN_UNREACHABLE_CODE = YES;
				CLANG_WARN__DUPLICATE_METHOD_MATCH = YES;
				DEBUG_INFORMATION_FORMAT = "dwarf-with-dsym";
				ENABLE_NS_ASSERTIONS = NO;
				ENABLE_STRICT_OBJC_MSGSEND = YES;
				GCC_NO_COMMON_BLOCKS = YES;
				GCC_WARN_64_TO_32_BIT_CONVERSION = YES;
				GCC_WARN_ABOUT_RETURN_TYPE = YES;
				GCC_WARN_UNDECLARED_SELECTOR = YES;
				GCC_WARN_UNINITIALIZED_AUTOS = YES;
				GCC_WARN_UNUSED_FUNCTION = YES;
				GCC_WARN_UNUSED_VARIABLE = YES;
				ONLY_ACTIVE_ARCH = YES;
				SDKROOT = macosx;
				SWIFT_COMPILATION_MODE = wholemodule;
				SWIFT_OPTIMIZATION_LEVEL = "-O";
			};
			name = Release;
		};
/* End XCBuildConfiguration section */

/* Begin XCConfigurationList section */
		500 /* Build configuration list for PBXNativeTarget "MeetingHelper" */ = {
			isa = XCConfigurationList;
			buildConfigurations = (
				700 /* Debug */,
				710 /* Release */,
			);
			defaultConfigurationIsVisible = 0;
			defaultConfigurationName = Release;
		};
		610 /* Build configuration list for PBXProject "MeetingHelper" */ = {
			isa = XCConfigurationList;
			buildConfigurations = (
				720 /* Debug */,
				730 /* Release */,
			);
			defaultConfigurationIsVisible = 0;
			defaultConfigurationName = Release;
		};
/* End XCConfigurationList section */

/* Begin XCRemoteSwiftPackageReference section */
		900 /* XCRemoteSwiftPackageReference "aws-sdk-swift" */ = {
			isa = XCRemoteSwiftPackageReference;
			repositoryURL = "https://github.com/awslabs/aws-sdk-swift.git";
			requirement = {
				kind = upToNextMajorVersion;
				minimumVersion = 0.36.0;
			};
		};
/* End XCRemoteSwiftPackageReference section */

/* Begin XCSwiftPackageProductDependency section */
		800 /* AWSTranscribeStreaming */ = {
			isa = XCSwiftPackageProductDependency;
			package = 900 /* XCRemoteSwiftPackageReference "aws-sdk-swift" */;
			productName = AWSTranscribeStreaming;
		};
		801 /* AWSBedrockRuntime */ = {
			isa = XCSwiftPackageProductDependency;
			package = 900 /* XCRemoteSwiftPackageReference "aws-sdk-swift" */;
			productName = AWSBedrockRuntime;
		};
/* End XCSwiftPackageProductDependency section */
	};
	rootObject = 600 /* Project object */;
}
